// !$*UTF8*$!
{
	archiveVersion = 1;
	classes = {
	};
	objectVersion = 46;
	objects = {

/* Begin PBXBuildFile section */
		4BF9C64E1B0BF00F003337C9 /* AppDelegate.swift in Sources */ = {isa = PBXBuildFile; fileRef = 4BF9C64D1B0BF00F003337C9 /* AppDelegate.swift */; };
		4BF9C6501B0BF00F003337C9 /* ViewController.swift in Sources */ = {isa = PBXBuildFile; fileRef = 4BF9C64F1B0BF00F003337C9 /* ViewController.swift */; };
		4BF9C6531B0BF00F003337C9 /* Main.storyboard in Resources */ = {isa = PBXBuildFile; fileRef = 4BF9C6511B0BF00F003337C9 /* Main.storyboard */; };
		4BF9C6551B0BF00F003337C9 /* Images.xcassets in Resources */ = {isa = PBXBuildFile; fileRef = 4BF9C6541B0BF00F003337C9 /* Images.xcassets */; };
		4BF9C6581B0BF00F003337C9 /* LaunchScreen.xib in Resources */ = {isa = PBXBuildFile; fileRef = 4BF9C6561B0BF00F003337C9 /* LaunchScreen.xib */; };
		4BF9C6641B0BF00F003337C9 /* GrdntTests.swift in Sources */ = {isa = PBXBuildFile; fileRef = 4BF9C6631B0BF00F003337C9 /* GrdntTests.swift */; };
/* End PBXBuildFile section */

/* Begin PBXContainerItemProxy section */
		4BF9C65E1B0BF00F003337C9 /* PBXContainerItemProxy */ = {
			isa = PBXContainerItemProxy;
			containerPortal = 4BF9C6401B0BF00F003337C9 /* Project object */;
			proxyType = 1;
			remoteGlobalIDString = 4BF9C6471B0BF00F003337C9;
			remoteInfo = Grdnt;
		};
/* End PBXContainerItemProxy section */

/* Begin PBXFileReference section */
		4BF9C6481B0BF00F003337C9 /* Grdnt.app */ = {isa = PBXFileReference; explicitFileType = wrapper.application; includeInIndex = 0; path = Grdnt.app; sourceTree = BUILT_PRODUCTS_DIR; };
		4BF9C64C1B0BF00F003337C9 /* Info.plist */ = {isa = PBXFileReference; lastKnownFileType = text.plist.xml; path = Info.plist; sourceTree = "<group>"; };
		4BF9C64D1B0BF00F003337C9 /* AppDelegate.swift */ = {isa = PBXFileReference; lastKnownFileType = sourcecode.swift; path = AppDelegate.swift; sourceTree = "<group>"; };
		4BF9C64F1B0BF00F003337C9 /* ViewController.swift */ = {isa = PBXFileReference; lastKnownFileType = sourcecode.swift; path = ViewController.swift; sourceTree = "<group>"; };
		4BF9C6521B0BF00F003337C9 /* Base */ = {isa = PBXFileReference; lastKnownFileType = file.storyboard; name = Base; path = Base.lproj/Main.storyboard; sourceTree = "<group>"; };
		4BF9C6541B0BF00F003337C9 /* Images.xcassets */ = {isa = PBXFileReference; lastKnownFileType = folder.assetcatalog; path = Images.xcassets; sourceTree = "<group>"; };
		4BF9C6571B0BF00F003337C9 /* Base */ = {isa = PBXFileReference; lastKnownFileType = file.xib; name = Base; path = Base.lproj/LaunchScreen.xib; sourceTree = "<group>"; };
		4BF9C65D1B0BF00F003337C9 /* GrdntTests.xctest */ = {isa = PBXFileReference; explicitFileType = wrapper.cfbundle; includeInIndex = 0; path = GrdntTests.xctest; sourceTree = BUILT_PRODUCTS_DIR; };
		4BF9C6621B0BF00F003337C9 /* Info.plist */ = {isa = PBXFileReference; lastKnownFileType = text.plist.xml; path = Info.plist; sourceTree = "<group>"; };
		4BF9C6631B0BF00F003337C9 /* GrdntTests.swift */ = {isa = PBXFileReference; lastKnownFileType = sourcecode.swift; path = GrdntTests.swift; sourceTree = "<group>"; };
/* End PBXFileReference section */

/* Begin PBXFrameworksBuildPhase section */
		4BF9C6451B0BF00F003337C9 /* Frameworks */ = {
			isa = PBXFrameworksBuildPhase;
			buildActionMask = 2147483647;
			files = (
			);
			runOnlyForDeploymentPostprocessing = 0;
		};
		4BF9C65A1B0BF00F003337C9 /* Frameworks */ = {
			isa = PBXFrameworksBuildPhase;
			buildActionMask = 2147483647;
			files = (
			);
			runOnlyForDeploymentPostprocessing = 0;
		};
/* End PBXFrameworksBuildPhase section */

/* Begin PBXGroup section */
		4BF9C63F1B0BF00F003337C9 = {
			isa = PBXGroup;
			children = (
				4BF9C64A1B0BF00F003337C9 /* Grdnt */,
				4BF9C6601B0BF00F003337C9 /* GrdntTests */,
				4BF9C6491B0BF00F003337C9 /* Products */,
			);
			sourceTree = "<group>";
		};
		4BF9C6491B0BF00F003337C9 /* Products */ = {
			isa = PBXGroup;
			children = (
				4BF9C6481B0BF00F003337C9 /* Grdnt.app */,
				4BF9C65D1B0BF00F003337C9 /* GrdntTests.xctest */,
			);
			name = Products;
			sourceTree = "<group>";
		};
		4BF9C64A1B0BF00F003337C9 /* Grdnt */ = {
			isa = PBXGroup;
			children = (
				4BF9C64D1B0BF00F003337C9 /* AppDelegate.swift */,
				4BF9C64F1B0BF00F003337C9 /* ViewController.swift */,
				4BF9C6511B0BF00F003337C9 /* Main.storyboard */,
				4BF9C6541B0BF00F003337C9 /* Images.xcassets */,
				4BF9C6561B0BF00F003337C9 /* LaunchScreen.xib */,
				4BF9C64B1B0BF00F003337C9 /* Supporting Files */,
			);
			path = Grdnt;
			sourceTree = "<group>";
		};
		4BF9C64B1B0BF00F003337C9 /* Supporting Files */ = {
			isa = PBXGroup;
			children = (
				4BF9C64C1B0BF00F003337C9 /* Info.plist */,
			);
			name = "Supporting Files";
			sourceTree = "<group>";
		};
		4BF9C6601B0BF00F003337C9 /* GrdntTests */ = {
			isa = PBXGroup;
			children = (
				4BF9C6631B0BF00F003337C9 /* GrdntTests.swift */,
				4BF9C6611B0BF00F003337C9 /* Supporting Files */,
			);
			path = GrdntTests;
			sourceTree = "<group>";
		};
		4BF9C6611B0BF00F003337C9 /* Supporting Files */ = {
			isa = PBXGroup;
			children = (
				4BF9C6621B0BF00F003337C9 /* Info.plist */,
			);
			name = "Supporting Files";
			sourceTree = "<group>";
		};
/* End PBXGroup section */

/* Begin PBXNativeTarget section */
		4BF9C6471B0BF00F003337C9 /* Grdnt */ = {
			isa = PBXNativeTarget;
			buildConfigurationList = 4BF9C6671B0BF00F003337C9 /* Build configuration list for PBXNativeTarget "Grdnt" */;
			buildPhases = (
				4BF9C6441B0BF00F003337C9 /* Sources */,
				4BF9C6451B0BF00F003337C9 /* Frameworks */,
				4BF9C6461B0BF00F003337C9 /* Resources */,
			);
			buildRules = (
			);
			dependencies = (
			);
			name = Grdnt;
			productName = Grdnt;
			productReference = 4BF9C6481B0BF00F003337C9 /* Grdnt.app */;
			productType = "com.apple.product-type.application";
		};
		4BF9C65C1B0BF00F003337C9 /* GrdntTests */ = {
			isa = PBXNativeTarget;
			buildConfigurationList = 4BF9C66A1B0BF00F003337C9 /* Build configuration list for PBXNativeTarget "GrdntTests" */;
			buildPhases = (
				4BF9C6591B0BF00F003337C9 /* Sources */,
				4BF9C65A1B0BF00F003337C9 /* Frameworks */,
				4BF9C65B1B0BF00F003337C9 /* Resources */,
			);
			buildRules = (
			);
			dependencies = (
				4BF9C65F1B0BF00F003337C9 /* PBXTargetDependency */,
			);
			name = GrdntTests;
			productName = GrdntTests;
			productReference = 4BF9C65D1B0BF00F003337C9 /* GrdntTests.xctest */;
			productType = "com.apple.product-type.bundle.unit-test";
		};
/* End PBXNativeTarget section */

/* Begin PBXProject section */
		4BF9C6401B0BF00F003337C9 /* Project object */ = {
			isa = PBXProject;
			attributes = {
				LastUpgradeCheck = 0630;
				ORGANIZATIONNAME = _WAREHAUS_;
				TargetAttributes = {
					4BF9C6471B0BF00F003337C9 = {
						CreatedOnToolsVersion = 6.3.1;
					};
					4BF9C65C1B0BF00F003337C9 = {
						CreatedOnToolsVersion = 6.3.1;
						TestTargetID = 4BF9C6471B0BF00F003337C9;
					};
				};
			};
			buildConfigurationList = 4BF9C6431B0BF00F003337C9 /* Build configuration list for PBXProject "Grdnt" */;
			compatibilityVersion = "Xcode 3.2";
			developmentRegion = English;
			hasScannedForEncodings = 0;
			knownRegions = (
				en,
				Base,
			);
			mainGroup = 4BF9C63F1B0BF00F003337C9;
			productRefGroup = 4BF9C6491B0BF00F003337C9 /* Products */;
			projectDirPath = "";
			projectRoot = "";
			targets = (
				4BF9C6471B0BF00F003337C9 /* Grdnt */,
				4BF9C65C1B0BF00F003337C9 /* GrdntTests */,
			);
		};
/* End PBXProject section */

/* Begin PBXResourcesBuildPhase section */
		4BF9C6461B0BF00F003337C9 /* Resources */ = {
			isa = PBXResourcesBuildPhase;
			buildActionMask = 2147483647;
			files = (
				4BF9C6531B0BF00F003337C9 /* Main.storyboard in Resources */,
				4BF9C6581B0BF00F003337C9 /* LaunchScreen.xib in Resources */,
				4BF9C6551B0BF00F003337C9 /* Images.xcassets in Resources */,
			);
			runOnlyForDeploymentPostprocessing = 0;
		};
		4BF9C65B1B0BF00F003337C9 /* Resources */ = {
			isa = PBXResourcesBuildPhase;
			buildActionMask = 2147483647;
			files = (
			);
			runOnlyForDeploymentPostprocessing = 0;
		};
/* End PBXResourcesBuildPhase section */

/* Begin PBXSourcesBuildPhase section */
		4BF9C6441B0BF00F003337C9 /* Sources */ = {
			isa = PBXSourcesBuildPhase;
			buildActionMask = 2147483647;
			files = (
				4BF9C6501B0BF00F003337C9 /* ViewController.swift in Sources */,
				4BF9C64E1B0BF00F003337C9 /* AppDelegate.swift in Sources */,
			);
			runOnlyForDeploymentPostprocessing = 0;
		};
		4BF9C6591B0BF00F003337C9 /* Sources */ = {
			isa = PBXSourcesBuildPhase;
			buildActionMask = 2147483647;
			files = (
				4BF9C6641B0BF00F003337C9 /* GrdntTests.swift in Sources */,
			);
			runOnlyForDeploymentPostprocessing = 0;
		};
/* End PBXSourcesBuildPhase section */

/* Begin PBXTargetDependency section */
		4BF9C65F1B0BF00F003337C9 /* PBXTargetDependency */ = {
			isa = PBXTargetDependency;
			target = 4BF9C6471B0BF00F003337C9 /* Grdnt */;
			targetProxy = 4BF9C65E1B0BF00F003337C9 /* PBXContainerItemProxy */;
		};
/* End PBXTargetDependency section */

/* Begin PBXVariantGroup section */
		4BF9C6511B0BF00F003337C9 /* Main.storyboard */ = {
			isa = PBXVariantGroup;
			children = (
				4BF9C6521B0BF00F003337C9 /* Base */,
			);
			name = Main.storyboard;
			sourceTree = "<group>";
		};
		4BF9C6561B0BF00F003337C9 /* LaunchScreen.xib */ = {
			isa = PBXVariantGroup;
			children = (
				4BF9C6571B0BF00F003337C9 /* Base */,
			);
			name = LaunchScreen.xib;
			sourceTree = "<group>";
		};
/* End PBXVariantGroup section */

/* Begin XCBuildConfiguration section */
		4BF9C6651B0BF00F003337C9 /* Debug */ = {
			isa = XCBuildConfiguration;
			buildSettings = {
				ALWAYS_SEARCH_USER_PATHS = NO;
				CLANG_CXX_LANGUAGE_STANDARD = "gnu++0x";
				CLANG_CXX_LIBRARY = "libc++";
				CLANG_ENABLE_MODULES = YES;
				CLANG_ENABLE_OBJC_ARC = YES;
				CLANG_WARN_BOOL_CONVERSION = YES;
				CLANG_WARN_CONSTANT_CONVERSION = YES;
				CLANG_WARN_DIRECT_OBJC_ISA_USAGE = YES_ERROR;
				CLANG_WARN_EMPTY_BODY = YES;
				CLANG_WARN_ENUM_CONVERSION = YES;
				CLANG_WARN_INT_CONVERSION = YES;
				CLANG_WARN_OBJC_ROOT_CLASS = YES_ERROR;
				CLANG_WARN_UNREACHABLE_CODE = YES;
				CLANG_WARN__DUPLICATE_METHOD_MATCH = YES;
				"CODE_SIGN_IDENTITY[sdk=iphoneos*]" = "iPhone Developer";
				COPY_PHASE_STRIP = NO;
				DEBUG_INFORMATION_FORMAT = "dwarf-with-dsym";
				ENABLE_STRICT_OBJC_MSGSEND = YES;
				GCC_C_LANGUAGE_STANDARD = gnu99;
				GCC_DYNAMIC_NO_PIC = NO;
				GCC_NO_COMMON_BLOCKS = YES;
				GCC_OPTIMIZATION_LEVEL = 0;
				GCC_PREPROCESSOR_DEFINITIONS = (
					"DEBUG=1",
					"$(inherited)",
				);
				GCC_SYMBOLS_PRIVATE_EXTERN = NO;
				GCC_WARN_64_TO_32_BIT_CONVERSION = YES;
				GCC_WARN_ABOUT_RETURN_TYPE = YES_ERROR;
				GCC_WARN_UNDECLARED_SELECTOR = YES;
				GCC_WARN_UNINITIALIZED_AUTOS = YES_AGGRESSIVE;
				GCC_WARN_UNUSED_FUNCTION = YES;
				GCC_WARN_UNUSED_VARIABLE = YES;
				IPHONEOS_DEPLOYMENT_TARGET = 8.3;
				MTL_ENABLE_DEBUG_INFO = YES;
				ONLY_ACTIVE_ARCH = YES;
				SDKROOT = iphoneos;
				SWIFT_OPTIMIZATION_LEVEL = "-Onone";
			};
			name = Debug;
		};
		4BF9C6661B0BF00F003337C9 /* Release */ = {
			isa = XCBuildConfiguration;
			buildSettings = {
				ALWAYS_SEARCH_USER_PATHS = NO;
				CLANG_CXX_LANGUAGE_STANDARD = "gnu++0x";
				CLANG_CXX_LIBRARY = "libc++";
				CLANG_ENABLE_MODULES = YES;
				CLANG_ENABLE_OBJC_ARC = YES;
				CLANG_WARN_BOOL_CONVERSION = YES;
				CLANG_WARN_CONSTANT_CONVERSION = YES;
				CLANG_WARN_DIRECT_OBJC_ISA_USAGE = YES_ERROR;
				CLANG_WARN_EMPTY_BODY = YES;
				CLANG_WARN_ENUM_CONVERSION = YES;
				CLANG_WARN_INT_CONVERSION = YES;
				CLANG_WARN_OBJC_ROOT_CLASS = YES_ERROR;
				CLANG_WARN_UNREACHABLE_CODE = YES;
				CLANG_WARN__DUPLICATE_METHOD_MATCH = YES;
				"CODE_SIGN_IDENTITY[sdk=iphoneos*]" = "iPhone Developer";
				COPY_PHASE_STRIP = NO;
				DEBUG_INFORMATION_FORMAT = "dwarf-with-dsym";
				ENABLE_NS_ASSERTIONS = NO;
				ENABLE_STRICT_OBJC_MSGSEND = YES;
				GCC_C_LANGUAGE_STANDARD = gnu99;
				GCC_NO_COMMON_BLOCKS = YES;
				GCC_WARN_64_TO_32_BIT_CONVERSION = YES;
				GCC_WARN_ABOUT_RETURN_TYPE = YES_ERROR;
				GCC_WARN_UNDECLARED_SELECTOR = YES;
				GCC_WARN_UNINITIALIZED_AUTOS = YES_AGGRESSIVE;
				GCC_WARN_UNUSED_FUNCTION = YES;
				GCC_WARN_UNUSED_VARIABLE = YES;
				IPHONEOS_DEPLOYMENT_TARGET = 8.3;
				MTL_ENABLE_DEBUG_INFO = NO;
				SDKROOT = iphoneos;
				VALIDATE_PRODUCT = YES;
			};
			name = Release;
		};
		4BF9C6681B0BF00F003337C9 /* Debug */ = {
			isa = XCBuildConfiguration;
			buildSettings = {
				ASSETCATALOG_COMPILER_APPICON_NAME = AppIcon;
				INFOPLIST_FILE = Grdnt/Info.plist;
				LD_RUNPATH_SEARCH_PATHS = "$(inherited) @executable_path/Frameworks";
				PRODUCT_NAME = "$(TARGET_NAME)";
			};
			name = Debug;
		};
		4BF9C6691B0BF00F003337C9 /* Release */ = {
			isa = XCBuildConfiguration;
			buildSettings = {
				ASSETCATALOG_COMPILER_APPICON_NAME = AppIcon;
				INFOPLIST_FILE = Grdnt/Info.plist;
				LD_RUNPATH_SEARCH_PATHS = "$(inherited) @executable_path/Frameworks";
				PRODUCT_NAME = "$(TARGET_NAME)";
			};
			name = Release;
		};
		4BF9C66B1B0BF00F003337C9 /* Debug */ = {
			isa = XCBuildConfiguration;
			buildSettings = {
				BUNDLE_LOADER = "$(TEST_HOST)";
				FRAMEWORK_SEARCH_PATHS = (
					"$(SDKROOT)/Developer/Library/Frameworks",
					"$(inherited)",
				);
				GCC_PREPROCESSOR_DEFINITIONS = (
					"DEBUG=1",
					"$(inherited)",
				);
				INFOPLIST_FILE = GrdntTests/Info.plist;
				LD_RUNPATH_SEARCH_PATHS = "$(inherited) @executable_path/Frameworks @loader_path/Frameworks";
				PRODUCT_NAME = "$(TARGET_NAME)";
				TEST_HOST = "$(BUILT_PRODUCTS_DIR)/Grdnt.app/Grdnt";
			};
			name = Debug;
		};
		4BF9C66C1B0BF00F003337C9 /* Release */ = {
			isa = XCBuildConfiguration;
			buildSettings = {
				BUNDLE_LOADER = "$(TEST_HOST)";
				FRAMEWORK_SEARCH_PATHS = (
					"$(SDKROOT)/Developer/Library/Frameworks",
					"$(inherited)",
				);
				INFOPLIST_FILE = GrdntTests/Info.plist;
				LD_RUNPATH_SEARCH_PATHS = "$(inherited) @executable_path/Frameworks @loader_path/Frameworks";
				PRODUCT_NAME = "$(TARGET_NAME)";
				TEST_HOST = "$(BUILT_PRODUCTS_DIR)/Grdnt.app/Grdnt";
			};
			name = Release;
		};
/* End XCBuildConfiguration section */

/* Begin XCConfigurationList section */
		4BF9C6431B0BF00F003337C9 /* Build configuration list for PBXProject "Grdnt" */ = {
			isa = XCConfigurationList;
			buildConfigurations = (
				4BF9C6651B0BF00F003337C9 /* Debug */,
				4BF9C6661B0BF00F003337C9 /* Release */,
			);
			defaultConfigurationIsVisible = 0;
			defaultConfigurationName = Release;
		};
		4BF9C6671B0BF00F003337C9 /* Build configuration list for PBXNativeTarget "Grdnt" */ = {
			isa = XCConfigurationList;
			buildConfigurations = (
				4BF9C6681B0BF00F003337C9 /* Debug */,
				4BF9C6691B0BF00F003337C9 /* Release */,
			);
			defaultConfigurationIsVisible = 0;
		};
		4BF9C66A1B0BF00F003337C9 /* Build configuration list for PBXNativeTarget "GrdntTests" */ = {
			isa = XCConfigurationList;
			buildConfigurations = (
				4BF9C66B1B0BF00F003337C9 /* Debug */,
				4BF9C66C1B0BF00F003337C9 /* Release */,
			);
			defaultConfigurationIsVisible = 0;
		};
/* End XCConfigurationList section */
	};
	rootObject = 4BF9C6401B0BF00F003337C9 /* Project object */;
}
